
Microsoft Visual Studio Solution File, Format Version 12.00
# Visual Studio 14
VisualStudioVersion = 14.0.25420.1
MinimumVisualStudioVersion = 10.0.40219.1
Project("{FAE04EC0-301F-11D3-BF4B-00C04F79EFBC}") = "Zadanie2", "Zadanie2\Zadanie2.csproj", "{8EED9658-7251-4E1B-A860-366D1EBEE5BE}"
EndProject
Project("{FAE04EC0-301F-11D3-BF4B-00C04F79EFBC}") = "Zadanie2Forms", "Zadanie2Forms\Zadanie2Forms.csproj", "{882F5A97-8E57-4DF6-9B9D-A1CB2427CC6B}"
EndProject
Project("{FAE04EC0-301F-11D3-BF4B-00C04F79EFBC}") = "Zadanie2Tests", "Zadanie2Tests\Zadanie2Tests.csproj", "{79C9D6E1-D088-41A0-A327-049462F90139}"
EndProject
Global
	GlobalSection(SolutionConfigurationPlatforms) = preSolution
		Debug|Any CPU = Debug|Any CPU
		Release|Any CPU = Release|Any CPU
	EndGlobalSection
	GlobalSection(ProjectConfigurationPlatforms) = postSolution
		{8EED9658-7251-4E1B-A860-366D1EBEE5BE}.Debug|Any CPU.ActiveCfg = Debug|Any CPU
		{8EED9658-7251-4E1B-A860-366D1EBEE5BE}.Debug|Any CPU.Build.0 = Debug|Any CPU
		{8EED9658-7251-4E1B-A860-366D1EBEE5BE}.Release|Any CPU.ActiveCfg = Release|Any CPU
		{8EED9658-7251-4E1B-A860-366D1EBEE5BE}.Release|Any CPU.Build.0 = Release|Any CPU
		{882F5A97-8E57-4DF6-9B9D-A1CB2427CC6B}.Debug|Any CPU.ActiveCfg = Debug|Any CPU
		{882F5A97-8E57-4DF6-9B9D-A1CB2427CC6B}.Debug|Any CPU.Build.0 = Debug|Any CPU
		{882F5A97-8E57-4DF6-9B9D-A1CB2427CC6B}.Release|Any CPU.ActiveCfg = Release|Any CPU
		{882F5A97-8E57-4DF6-9B9D-A1CB2427CC6B}.Release|Any CPU.Build.0 = Release|Any CPU
		{79C9D6E1-D088-41A0-A327-049462F90139}.Debug|Any CPU.ActiveCfg = Debug|Any CPU
		{79C9D6E1-D088-41A0-A327-049462F90139}.Debug|Any CPU.Build.0 = Debug|Any CPU
		{79C9D6E1-D088-41A0-A327-049462F90139}.Release|Any CPU.ActiveCfg = Release|Any CPU
		{79C9D6E1-D088-41A0-A327-049462F90139}.Release|Any CPU.Build.0 = Release|Any CPU
	EndGlobalSection
	GlobalSection(SolutionProperties) = preSolution
		HideSolutionNode = FALSE
	EndGlobalSection
EndGlobal
